// !$*UTF8*$!
{
	archiveVersion = 1;
	classes = {
	};
	objectVersion = 48;
	objects = {

/* Begin PBXBuildFile section */
		BA24381490A16152AF5616F4 /* Pods_CityWeather.framework in Frameworks */ = {isa = PBXBuildFile; fileRef = 3446215824540BF855858E12 /* Pods_CityWeather.framework */; };
		F84608041FB24A710096DDAF /* AppDelegate.swift in Sources */ = {isa = PBXBuildFile; fileRef = F84608031FB24A710096DDAF /* AppDelegate.swift */; };
		F84608061FB24A710096DDAF /* ViewController.swift in Sources */ = {isa = PBXBuildFile; fileRef = F84608051FB24A710096DDAF /* ViewController.swift */; };
		F84608091FB24A710096DDAF /* Main.storyboard in Resources */ = {isa = PBXBuildFile; fileRef = F84608071FB24A710096DDAF /* Main.storyboard */; };
		F846080B1FB24A710096DDAF /* Assets.xcassets in Resources */ = {isa = PBXBuildFile; fileRef = F846080A1FB24A710096DDAF /* Assets.xcassets */; };
		F87827931FB2519100B7FF7F /* CityWeather.swift in Sources */ = {isa = PBXBuildFile; fileRef = F87827921FB2519100B7FF7F /* CityWeather.swift */; };
		F87827951FB2539900B7FF7F /* FetchWeather.swift in Sources */ = {isa = PBXBuildFile; fileRef = F87827941FB2539900B7FF7F /* FetchWeather.swift */; };
/* End PBXBuildFile section */

/* Begin PBXFileReference section */
		3446215824540BF855858E12 /* Pods_CityWeather.framework */ = {isa = PBXFileReference; explicitFileType = wrapper.framework; includeInIndex = 0; path = Pods_CityWeather.framework; sourceTree = BUILT_PRODUCTS_DIR; };
		4E6B5C30753B9DB43AC57088 /* Pods-CityWeather.release.xcconfig */ = {isa = PBXFileReference; includeInIndex = 1; lastKnownFileType = text.xcconfig; name = "Pods-CityWeather.release.xcconfig"; path = "Pods/Target Support Files/Pods-CityWeather/Pods-CityWeather.release.xcconfig"; sourceTree = "<group>"; };
		D124AB094FD4EC77D1482EF0 /* Pods-CityWeather.debug.xcconfig */ = {isa = PBXFileReference; includeInIndex = 1; lastKnownFileType = text.xcconfig; name = "Pods-CityWeather.debug.xcconfig"; path = "Pods/Target Support Files/Pods-CityWeather/Pods-CityWeather.debug.xcconfig"; sourceTree = "<group>"; };
		F84608001FB24A710096DDAF /* CityWeather.app */ = {isa = PBXFileReference; explicitFileType = wrapper.application; includeInIndex = 0; path = CityWeather.app; sourceTree = BUILT_PRODUCTS_DIR; };
		F84608031FB24A710096DDAF /* AppDelegate.swift */ = {isa = PBXFileReference; lastKnownFileType = sourcecode.swift; path = AppDelegate.swift; sourceTree = "<group>"; };
		F84608051FB24A710096DDAF /* ViewController.swift */ = {isa = PBXFileReference; lastKnownFileType = sourcecode.swift; path = ViewController.swift; sourceTree = "<group>"; };
		F84608081FB24A710096DDAF /* Base */ = {isa = PBXFileReference; lastKnownFileType = file.storyboard; name = Base; path = Base.lproj/Main.storyboard; sourceTree = "<group>"; };
		F846080A1FB24A710096DDAF /* Assets.xcassets */ = {isa = PBXFileReference; lastKnownFileType = folder.assetcatalog; path = Assets.xcassets; sourceTree = "<group>"; };
		F846080F1FB24A710096DDAF /* Info.plist */ = {isa = PBXFileReference; lastKnownFileType = text.plist.xml; path = Info.plist; sourceTree = "<group>"; };
		F87827921FB2519100B7FF7F /* CityWeather.swift */ = {isa = PBXFileReference; lastKnownFileType = sourcecode.swift; path = CityWeather.swift; sourceTree = "<group>"; };
		F87827941FB2539900B7FF7F /* FetchWeather.swift */ = {isa = PBXFileReference; lastKnownFileType = sourcecode.swift; path = FetchWeather.swift; sourceTree = "<group>"; };
/* End PBXFileReference section */

/* Begin PBXFrameworksBuildPhase section */
		F84607FD1FB24A710096DDAF /* Frameworks */ = {
			isa = PBXFrameworksBuildPhase;
			buildActionMask = 2147483647;
			files = (
				BA24381490A16152AF5616F4 /* Pods_CityWeather.framework in Frameworks */,
			);
			runOnlyForDeploymentPostprocessing = 0;
		};
/* End PBXFrameworksBuildPhase section */

/* Begin PBXGroup section */
		32FA6A35610A4618190A73F5 /* Frameworks */ = {
			isa = PBXGroup;
			children = (
				3446215824540BF855858E12 /* Pods_CityWeather.framework */,
			);
			name = Frameworks;
			sourceTree = "<group>";
		};
		6F1D7A86E2EF3FA4E4F263E5 /* Pods */ = {
			isa = PBXGroup;
			children = (
				D124AB094FD4EC77D1482EF0 /* Pods-CityWeather.debug.xcconfig */,
				4E6B5C30753B9DB43AC57088 /* Pods-CityWeather.release.xcconfig */,
			);
			name = Pods;
			sourceTree = "<group>";
		};
		F84607F71FB24A710096DDAF = {
			isa = PBXGroup;
			children = (
				F84608021FB24A710096DDAF /* CityWeather */,
				F84608011FB24A710096DDAF /* Products */,
				6F1D7A86E2EF3FA4E4F263E5 /* Pods */,
				32FA6A35610A4618190A73F5 /* Frameworks */,
			);
			sourceTree = "<group>";
		};
		F84608011FB24A710096DDAF /* Products */ = {
			isa = PBXGroup;
			children = (
				F84608001FB24A710096DDAF /* CityWeather.app */,
			);
			name = Products;
			sourceTree = "<group>";
		};
		F84608021FB24A710096DDAF /* CityWeather */ = {
			isa = PBXGroup;
			children = (
				F87827911FB2517A00B7FF7F /* Model */,
				F87827901FB2515500B7FF7F /* Networking */,
				F84608151FB24A9B0096DDAF /* Supporting Files */,
				F84608051FB24A710096DDAF /* ViewController.swift */,
				F84608071FB24A710096DDAF /* Main.storyboard */,
				F846080F1FB24A710096DDAF /* Info.plist */,
			);
			path = CityWeather;
			sourceTree = "<group>";
		};
		F84608151FB24A9B0096DDAF /* Supporting Files */ = {
			isa = PBXGroup;
			children = (
				F84608031FB24A710096DDAF /* AppDelegate.swift */,
				F846080A1FB24A710096DDAF /* Assets.xcassets */,
			);
			path = "Supporting Files";
			sourceTree = "<group>";
		};
		F87827901FB2515500B7FF7F /* Networking */ = {
			isa = PBXGroup;
			children = (
				F87827941FB2539900B7FF7F /* FetchWeather.swift */,
			);
			path = Networking;
			sourceTree = "<group>";
		};
		F87827911FB2517A00B7FF7F /* Model */ = {
			isa = PBXGroup;
			children = (
				F87827921FB2519100B7FF7F /* CityWeather.swift */,
			);
			path = Model;
			sourceTree = "<group>";
		};
/* End PBXGroup section */

/* Begin PBXNativeTarget section */
		F84607FF1FB24A710096DDAF /* CityWeather */ = {
			isa = PBXNativeTarget;
			buildConfigurationList = F84608121FB24A710096DDAF /* Build configuration list for PBXNativeTarget "CityWeather" */;
			buildPhases = (
				27A74591995C20E5E7E9DBFE /* [CP] Check Pods Manifest.lock */,
				F84607FC1FB24A710096DDAF /* Sources */,
				F84607FD1FB24A710096DDAF /* Frameworks */,
				F84607FE1FB24A710096DDAF /* Resources */,
				3DF4F88407C03C04D6F145DA /* [CP] Embed Pods Frameworks */,
				4FD149BA7A6C25C72B0D9FE2 /* [CP] Copy Pods Resources */,
			);
			buildRules = (
			);
			dependencies = (
			);
			name = CityWeather;
			productName = CityWeather;
			productReference = F84608001FB24A710096DDAF /* CityWeather.app */;
			productType = "com.apple.product-type.application";
		};
/* End PBXNativeTarget section */

/* Begin PBXProject section */
		F84607F81FB24A710096DDAF /* Project object */ = {
			isa = PBXProject;
			attributes = {
				LastSwiftUpdateCheck = 0910;
				LastUpgradeCheck = 0910;
				ORGANIZATIONNAME = "Edmund Trujillo";
				TargetAttributes = {
					F84607FF1FB24A710096DDAF = {
						CreatedOnToolsVersion = 9.1;
						ProvisioningStyle = Automatic;
					};
				};
			};
			buildConfigurationList = F84607FB1FB24A710096DDAF /* Build configuration list for PBXProject "CityWeather" */;
			compatibilityVersion = "Xcode 8.0";
			developmentRegion = en;
			hasScannedForEncodings = 0;
			knownRegions = (
				en,
				Base,
			);
			mainGroup = F84607F71FB24A710096DDAF;
			productRefGroup = F84608011FB24A710096DDAF /* Products */;
			projectDirPath = "";
			projectRoot = "";
			targets = (
				F84607FF1FB24A710096DDAF /* CityWeather */,
			);
		};
/* End PBXProject section */

/* Begin PBXResourcesBuildPhase section */
		F84607FE1FB24A710096DDAF /* Resources */ = {
			isa = PBXResourcesBuildPhase;
			buildActionMask = 2147483647;
			files = (
				F846080B1FB24A710096DDAF /* Assets.xcassets in Resources */,
				F84608091FB24A710096DDAF /* Main.storyboard in Resources */,
			);
			runOnlyForDeploymentPostprocessing = 0;
		};
/* End PBXResourcesBuildPhase section */

/* Begin PBXShellScriptBuildPhase section */
		27A74591995C20E5E7E9DBFE /* [CP] Check Pods Manifest.lock */ = {
			isa = PBXShellScriptBuildPhase;
			buildActionMask = 2147483647;
			files = (
			);
			inputPaths = (
				"${PODS_PODFILE_DIR_PATH}/Podfile.lock",
				"${PODS_ROOT}/Manifest.lock",
			);
			name = "[CP] Check Pods Manifest.lock";
			outputPaths = (
				"$(DERIVED_FILE_DIR)/Pods-CityWeather-checkManifestLockResult.txt",
			);
			runOnlyForDeploymentPostprocessing = 0;
			shellPath = /bin/sh;
			shellScript = "diff \"${PODS_PODFILE_DIR_PATH}/Podfile.lock\" \"${PODS_ROOT}/Manifest.lock\" > /dev/null\nif [ $? != 0 ] ; then\n    # print error to STDERR\n    echo \"error: The sandbox is not in sync with the Podfile.lock. Run 'pod install' or update your CocoaPods installation.\" >&2\n    exit 1\nfi\n# This output is used by Xcode 'outputs' to avoid re-running this script phase.\necho \"SUCCESS\" > \"${SCRIPT_OUTPUT_FILE_0}\"\n";
			showEnvVarsInLog = 0;
		};
		3DF4F88407C03C04D6F145DA /* [CP] Embed Pods Frameworks */ = {
			isa = PBXShellScriptBuildPhase;
			buildActionMask = 2147483647;
			files = (
			);
			inputPaths = (
				"${SRCROOT}/Pods/Target Support Files/Pods-CityWeather/Pods-CityWeather-frameworks.sh",
				"${BUILT_PRODUCTS_DIR}/Alamofire/Alamofire.framework",
				"${BUILT_PRODUCTS_DIR}/Kingfisher/Kingfisher.framework",
				"${BUILT_PRODUCTS_DIR}/SwiftyJSON/SwiftyJSON.framework",
			);
			name = "[CP] Embed Pods Frameworks";
			outputPaths = (
				"${TARGET_BUILD_DIR}/${FRAMEWORKS_FOLDER_PATH}/Alamofire.framework",
				"${TARGET_BUILD_DIR}/${FRAMEWORKS_FOLDER_PATH}/Kingfisher.framework",
				"${TARGET_BUILD_DIR}/${FRAMEWORKS_FOLDER_PATH}/SwiftyJSON.framework",
			);
			runOnlyForDeploymentPostprocessing = 0;
			shellPath = /bin/sh;
			shellScript = "\"${SRCROOT}/Pods/Target Support Files/Pods-CityWeather/Pods-CityWeather-frameworks.sh\"\n";
			showEnvVarsInLog = 0;
		};
		4FD149BA7A6C25C72B0D9FE2 /* [CP] Copy Pods Resources */ = {
			isa = PBXShellScriptBuildPhase;
			buildActionMask = 2147483647;
			files = (
			);
			inputPaths = (
			);
			name = "[CP] Copy Pods Resources";
			outputPaths = (
			);
			runOnlyForDeploymentPostprocessing = 0;
			shellPath = /bin/sh;
			shellScript = "\"${SRCROOT}/Pods/Target Support Files/Pods-CityWeather/Pods-CityWeather-resources.sh\"\n";
			showEnvVarsInLog = 0;
		};
/* End PBXShellScriptBuildPhase section */

/* Begin PBXSourcesBuildPhase section */
		F84607FC1FB24A710096DDAF /* Sources */ = {
			isa = PBXSourcesBuildPhase;
			buildActionMask = 2147483647;
			files = (
				F87827931FB2519100B7FF7F /* CityWeather.swift in Sources */,
				F84608061FB24A710096DDAF /* ViewController.swift in Sources */,
				F84608041FB24A710096DDAF /* AppDelegate.swift in Sources */,
				F87827951FB2539900B7FF7F /* FetchWeather.swift in Sources */,
			);
			runOnlyForDeploymentPostprocessing = 0;
		};
/* End PBXSourcesBuildPhase section */

/* Begin PBXVariantGroup section */
		F84608071FB24A710096DDAF /* Main.storyboard */ = {
			isa = PBXVariantGroup;
			children = (
				F84608081FB24A710096DDAF /* Base */,
			);
			name = Main.storyboard;
			sourceTree = "<group>";
		};
/* End PBXVariantGroup section */

/* Begin XCBuildConfiguration section */
		F84608101FB24A710096DDAF /* Debug */ = {
			isa = XCBuildConfiguration;
			buildSettings = {
				ALWAYS_SEARCH_USER_PATHS = NO;
				CLANG_ANALYZER_NONNULL = YES;
				CLANG_ANALYZER_NUMBER_OBJECT_CONVERSION = YES_AGGRESSIVE;
				CLANG_CXX_LANGUAGE_STANDARD = "gnu++14";
				CLANG_CXX_LIBRARY = "libc++";
				CLANG_ENABLE_MODULES = YES;
				CLANG_ENABLE_OBJC_ARC = YES;
				CLANG_WARN_BLOCK_CAPTURE_AUTORELEASING = YES;
				CLANG_WARN_BOOL_CONVERSION = YES;
				CLANG_WARN_COMMA = YES;
				CLANG_WARN_CONSTANT_CONVERSION = YES;
				CLANG_WARN_DIRECT_OBJC_ISA_USAGE = YES_ERROR;
				CLANG_WARN_DOCUMENTATION_COMMENTS = YES;
				CLANG_WARN_EMPTY_BODY = YES;
				CLANG_WARN_ENUM_CONVERSION = YES;
				CLANG_WARN_INFINITE_RECURSION = YES;
				CLANG_WARN_INT_CONVERSION = YES;
				CLANG_WARN_NON_LITERAL_NULL_CONVERSION = YES;
				CLANG_WARN_OBJC_LITERAL_CONVERSION = YES;
				CLANG_WARN_OBJC_ROOT_CLASS = YES_ERROR;
				CLANG_WARN_RANGE_LOOP_ANALYSIS = YES;
				CLANG_WARN_STRICT_PROTOTYPES = YES;
				CLANG_WARN_SUSPICIOUS_MOVE = YES;
				CLANG_WARN_UNGUARDED_AVAILABILITY = YES_AGGRESSIVE;
				CLANG_WARN_UNREACHABLE_CODE = YES;
				CLANG_WARN__DUPLICATE_METHOD_MATCH = YES;
				CODE_SIGN_IDENTITY = "iPhone Developer";
				COPY_PHASE_STRIP = NO;
				DEBUG_INFORMATION_FORMAT = dwarf;
				ENABLE_STRICT_OBJC_MSGSEND = YES;
				ENABLE_TESTABILITY = YES;
				GCC_C_LANGUAGE_STANDARD = gnu11;
				GCC_DYNAMIC_NO_PIC = NO;
				GCC_NO_COMMON_BLOCKS = YES;
				GCC_OPTIMIZATION_LEVEL = 0;
				GCC_PREPROCESSOR_DEFINITIONS = (
					"DEBUG=1",
					"$(inherited)",
				);
				GCC_WARN_64_TO_32_BIT_CONVERSION = YES;
				GCC_WARN_ABOUT_RETURN_TYPE = YES_ERROR;
				GCC_WARN_UNDECLARED_SELECTOR = YES;
				GCC_WARN_UNINITIALIZED_AUTOS = YES_AGGRESSIVE;
				GCC_WARN_UNUSED_FUNCTION = YES;
				GCC_WARN_UNUSED_VARIABLE = YES;
				IPHONEOS_DEPLOYMENT_TARGET = 11.1;
				MTL_ENABLE_DEBUG_INFO = YES;
				ONLY_ACTIVE_ARCH = YES;
				SDKROOT = iphoneos;
				SWIFT_ACTIVE_COMPILATION_CONDITIONS = DEBUG;
				SWIFT_OPTIMIZATION_LEVEL = "-Onone";
			};
			name = Debug;
		};
		F84608111FB24A710096DDAF /* Release */ = {
			isa = XCBuildConfiguration;
			buildSettings = {
				ALWAYS_SEARCH_USER_PATHS = NO;
				CLANG_ANALYZER_NONNULL = YES;
				CLANG_ANALYZER_NUMBER_OBJECT_CONVERSION = YES_AGGRESSIVE;
				CLANG_CXX_LANGUAGE_STANDARD = "gnu++14";
				CLANG_CXX_LIBRARY = "libc++";
				CLANG_ENABLE_MODULES = YES;
				CLANG_ENABLE_OBJC_ARC = YES;
				CLANG_WARN_BLOCK_CAPTURE_AUTORELEASING = YES;
				CLANG_WARN_BOOL_CONVERSION = YES;
				CLANG_WARN_COMMA = YES;
				CLANG_WARN_CONSTANT_CONVERSION = YES;
				CLANG_WARN_DIRECT_OBJC_ISA_USAGE = YES_ERROR;
				CLANG_WARN_DOCUMENTATION_COMMENTS = YES;
				CLANG_WARN_EMPTY_BODY = YES;
				CLANG_WARN_ENUM_CONVERSION = YES;
				CLANG_WARN_INFINITE_RECURSION = YES;
				CLANG_WARN_INT_CONVERSION = YES;
				CLANG_WARN_NON_LITERAL_NULL_CONVERSION = YES;
				CLANG_WARN_OBJC_LITERAL_CONVERSION = YES;
				CLANG_WARN_OBJC_ROOT_CLASS = YES_ERROR;
				CLANG_WARN_RANGE_LOOP_ANALYSIS = YES;
				CLANG_WARN_STRICT_PROTOTYPES = YES;
				CLANG_WARN_SUSPICIOUS_MOVE = YES;
				CLANG_WARN_UNGUARDED_AVAILABILITY = YES_AGGRESSIVE;
				CLANG_WARN_UNREACHABLE_CODE = YES;
				CLANG_WARN__DUPLICATE_METHOD_MATCH = YES;
				CODE_SIGN_IDENTITY = "iPhone Developer";
				COPY_PHASE_STRIP = NO;
				DEBUG_INFORMATION_FORMAT = "dwarf-with-dsym";
				ENABLE_NS_ASSERTIONS = NO;
				ENABLE_STRICT_OBJC_MSGSEND = YES;
				GCC_C_LANGUAGE_STANDARD = gnu11;
				GCC_NO_COMMON_BLOCKS = YES;
				GCC_WARN_64_TO_32_BIT_CONVERSION = YES;
				GCC_WARN_ABOUT_RETURN_TYPE = YES_ERROR;
				GCC_WARN_UNDECLARED_SELECTOR = YES;
				GCC_WARN_UNINITIALIZED_AUTOS = YES_AGGRESSIVE;
				GCC_WARN_UNUSED_FUNCTION = YES;
				GCC_WARN_UNUSED_VARIABLE = YES;
				IPHONEOS_DEPLOYMENT_TARGET = 11.1;
				MTL_ENABLE_DEBUG_INFO = NO;
				SDKROOT = iphoneos;
				SWIFT_OPTIMIZATION_LEVEL = "-Owholemodule";
				VALIDATE_PRODUCT = YES;
			};
			name = Release;
		};
		F84608131FB24A710096DDAF /* Debug */ = {
			isa = XCBuildConfiguration;
			baseConfigurationReference = D124AB094FD4EC77D1482EF0 /* Pods-CityWeather.debug.xcconfig */;
			buildSettings = {
				ASSETCATALOG_COMPILER_APPICON_NAME = AppIcon;
				CODE_SIGN_STYLE = Automatic;
				DEVELOPMENT_TEAM = W9G7RU2FMC;
				INFOPLIST_FILE = CityWeather/Info.plist;
				IPHONEOS_DEPLOYMENT_TARGET = 11.0;
				LD_RUNPATH_SEARCH_PATHS = "$(inherited) @executable_path/Frameworks";
				PRODUCT_BUNDLE_IDENTIFIER = com.contactplus.CityWeather;
				PRODUCT_NAME = "$(TARGET_NAME)";
				SWIFT_VERSION = 4.0;
				TARGETED_DEVICE_FAMILY = "1,2";
			};
			name = Debug;
		};
		F84608141FB24A710096DDAF /* Release */ = {
			isa = XCBuildConfiguration;
			baseConfigurationReference = 4E6B5C30753B9DB43AC57088 /* Pods-CityWeather.release.xcconfig */;
			buildSettings = {
				ASSETCATALOG_COMPILER_APPICON_NAME = AppIcon;
				CODE_SIGN_STYLE = Automatic;
				DEVELOPMENT_TEAM = W9G7RU2FMC;
				INFOPLIST_FILE = CityWeather/Info.plist;
				IPHONEOS_DEPLOYMENT_TARGET = 11.0;
				LD_RUNPATH_SEARCH_PATHS = "$(inherited) @executable_path/Frameworks";
				PRODUCT_BUNDLE_IDENTIFIER = com.contactplus.CityWeather;
				PRODUCT_NAME = "$(TARGET_NAME)";
				SWIFT_VERSION = 4.0;
				TARGETED_DEVICE_FAMILY = "1,2";
			};
			name = Release;
		};
/* End XCBuildConfiguration section */

/* Begin XCConfigurationList section */
		F84607FB1FB24A710096DDAF /* Build configuration list for PBXProject "CityWeather" */ = {
			isa = XCConfigurationList;
			buildConfigurations = (
				F84608101FB24A710096DDAF /* Debug */,
				F84608111FB24A710096DDAF /* Release */,
			);
			defaultConfigurationIsVisible = 0;
			defaultConfigurationName = Release;
		};
		F84608121FB24A710096DDAF /* Build configuration list for PBXNativeTarget "CityWeather" */ = {
			isa = XCConfigurationList;
			buildConfigurations = (
				F84608131FB24A710096DDAF /* Debug */,
				F84608141FB24A710096DDAF /* Release */,
			);
			defaultConfigurationIsVisible = 0;
			defaultConfigurationName = Release;
		};
/* End XCConfigurationList section */
	};
	rootObject = F84607F81FB24A710096DDAF /* Project object */;
}
